
Microsoft Visual Studio Solution File, Format Version 12.00
# Visual Studio Version 17
VisualStudioVersion = 17.14.36301.6 d17.14
MinimumVisualStudioVersion = 10.0.40219.1
Project("{FAE04EC0-301F-11D3-BF4B-00C04F79EFBC}") = "Patikafy", "Patikafy\Patikafy.csproj", "{911283EA-748A-4B51-BA97-0012B4514743}"
EndProject
Global
	GlobalSection(SolutionConfigurationPlatforms) = preSolution
		Debug|Any CPU = Debug|Any CPU
		Release|Any CPU = Release|Any CPU
	EndGlobalSection
	GlobalSection(ProjectConfigurationPlatforms) = postSolution
		{911283EA-748A-4B51-BA97-0012B4514743}.Debug|Any CPU.ActiveCfg = Debug|Any CPU
		{911283EA-748A-4B51-BA97-0012B4514743}.Debug|Any CPU.Build.0 = Debug|Any CPU
		{911283EA-748A-4B51-BA97-0012B4514743}.Release|Any CPU.ActiveCfg = Release|Any CPU
		{911283EA-748A-4B51-BA97-0012B4514743}.Release|Any CPU.Build.0 = Release|Any CPU
	EndGlobalSection
	GlobalSection(SolutionProperties) = preSolution
		HideSolutionNode = FALSE
	EndGlobalSection
	GlobalSection(ExtensibilityGlobals) = postSolution
		SolutionGuid = {31C353A8-9B2E-4622-96EA-6CFBEEDAEE6C}
	EndGlobalSection
EndGlobal
